{
  "name": "modulo4",
  "lockfileVersion": 2,
  "requires": true,
  "packages": {
    "": {
      "dependencies": {
        "@mui/icons-material": "^5.6.2"
      }
    },
    "node_modules/@babel/runtime": {
      "version": "7.17.9",
      "license": "MIT",
      "dependencies": {
        "regenerator-runtime": "^0.13.4"
      },
      "engines": {
        "node": ">=6.9.0"
      }
    },
    "node_modules/@emotion/cache": {
      "version": "11.7.1",
      "license": "MIT",
      "peer": true,
      "dependencies": {
        "@emotion/memoize": "^0.7.4",
        "@emotion/sheet": "^1.1.0",
        "@emotion/utils": "^1.0.0",
        "@emotion/weak-memoize": "^0.2.5",
        "stylis": "4.0.13"
      }
    },
    "node_modules/@emotion/is-prop-valid": {
      "version": "1.1.2",
      "license": "MIT",
      "peer": true,
      "dependencies": {
        "@emotion/memoize": "^0.7.4"
      }
    },
    "node_modules/@emotion/memoize": {
      "version": "0.7.5",
      "license": "MIT",
      "peer": true
    },
    "node_modules/@emotion/sheet": {
      "version": "1.1.0",
      "license": "MIT",
      "peer": true
    },
    "node_modules/@emotion/utils": {
      "version": "1.1.0",
      "license": "MIT",
      "peer": true
    },
    "node_modules/@emotion/weak-memoize": {
      "version": "0.2.5",
      "license": "MIT",
      "peer": true
    },
    "node_modules/@mui/base": {
      "version": "5.0.0-alpha.78",
      "license": "MIT",
      "peer": true,
      "dependencies": {
        "@babel/runtime": "^7.17.2",
        "@emotion/is-prop-valid": "^1.1.2",
        "@mui/types": "^7.1.3",
        "@mui/utils": "^5.6.1",
        "@popperjs/core": "^2.11.5",
        "clsx": "^1.1.1",
        "prop-types": "^15.7.2",
        "react-is": "^17.0.2"
      },
      "engines": {
        "node": ">=12.0.0"
      },
      "funding": {
        "type": "opencollective",
        "url": "https://opencollective.com/mui"
      },
      "peerDependencies": {
        "@types/react": "^17.0.0 || ^18.0.0",
        "react": "^17.0.0 || ^18.0.0",
        "react-dom": "^17.0.0 || ^18.0.0"
      },
      "peerDependenciesMeta": {
        "@types/react": {
          "optional": true
        }
      }
    },
    "node_modules/@mui/icons-material": {
      "version": "5.6.2",
      "resolved": "https://registry.npmjs.org/@mui/icons-material/-/icons-material-5.6.2.tgz",
      "integrity": "sha512-9QdI7axKuBAyaGz4mtdi7Uy1j73/thqFmEuxpJHxNC7O8ADEK1Da3t2veK2tgmsXsUlAHcAG63gg+GvWWeQNqQ==",
      "dependencies": {
        "@babel/runtime": "^7.17.2"
      },
      "engines": {
        "node": ">=12.0.0"
      },
      "funding": {
        "type": "opencollective",
        "url": "https://opencollective.com/mui"
      },
      "peerDependencies": {
        "@mui/material": "^5.0.0",
        "@types/react": "^17.0.0 || ^18.0.0",
        "react": "^17.0.0 || ^18.0.0"
      },
      "peerDependenciesMeta": {
        "@types/react": {
          "optional": true
        }
      }
    },
    "node_modules/@mui/material": {
      "version": "5.6.3",
      "license": "MIT",
      "peer": true,
      "dependencies": {
        "@babel/runtime": "^7.17.2",
        "@mui/base": "5.0.0-alpha.78",
        "@mui/system": "^5.6.3",
        "@mui/types": "^7.1.3",
        "@mui/utils": "^5.6.1",
        "@types/react-transition-group": "^4.4.4",
        "clsx": "^1.1.1",
        "csstype": "^3.0.11",
        "hoist-non-react-statics": "^3.3.2",
        "prop-types": "^15.7.2",
        "react-is": "^17.0.2",
        "react-transition-group": "^4.4.2"
      },
      "engines": {
        "node": ">=12.0.0"
      },
      "funding": {
        "type": "opencollective",
        "url": "https://opencollective.com/mui"
      },
      "peerDependencies": {
        "@emotion/react": "^11.5.0",
        "@emotion/styled": "^11.3.0",
        "@types/react": "^17.0.0 || ^18.0.0",
        "react": "^17.0.0 || ^18.0.0",
        "react-dom": "^17.0.0 || ^18.0.0"
      },
      "peerDependenciesMeta": {
        "@emotion/react": {
          "optional": true
        },
        "@emotion/styled": {
          "optional": true
        },
        "@types/react": {
          "optional": true
        }
      }
    },
    "node_modules/@mui/private-theming": {
      "version": "5.6.2",
      "license": "MIT",
      "peer": true,
      "dependencies": {
        "@babel/runtime": "^7.17.2",
        "@mui/utils": "^5.6.1",
        "prop-types": "^15.7.2"
      },
      "engines": {
        "node": ">=12.0.0"
      },
      "funding": {
        "type": "opencollective",
        "url": "https://opencollective.com/mui"
      },
      "peerDependencies": {
        "@types/react": "^17.0.0 || ^18.0.0",
        "react": "^17.0.0 || ^18.0.0"
      },
      "peerDependenciesMeta": {
        "@types/react": {
          "optional": true
        }
      }
    },
    "node_modules/@mui/styled-engine": {
      "version": "5.6.1",
      "license": "MIT",
      "peer": true,
      "dependencies": {
        "@babel/runtime": "^7.17.2",
        "@emotion/cache": "^11.7.1",
        "prop-types": "^15.7.2"
      },
      "engines": {
        "node": ">=12.0.0"
      },
      "funding": {
        "type": "opencollective",
        "url": "https://opencollective.com/mui"
      },
      "peerDependencies": {
        "@emotion/react": "^11.4.1",
        "@emotion/styled": "^11.3.0",
        "react": "^17.0.0 || ^18.0.0"
      },
      "peerDependenciesMeta": {
        "@emotion/react": {
          "optional": true
        },
        "@emotion/styled": {
          "optional": true
        }
      }
    },
    "node_modules/@mui/system": {
      "version": "5.6.3",
      "license": "MIT",
      "peer": true,
      "dependencies": {
        "@babel/runtime": "^7.17.2",
        "@mui/private-theming": "^5.6.2",
        "@mui/styled-engine": "^5.6.1",
        "@mui/types": "^7.1.3",
        "@mui/utils": "^5.6.1",
        "clsx": "^1.1.1",
        "csstype": "^3.0.11",
        "prop-types": "^15.7.2"
      },
      "engines": {
        "node": ">=12.0.0"
      },
      "funding": {
        "type": "opencollective",
        "url": "https://opencollective.com/mui"
      },
      "peerDependencies": {
        "@emotion/react": "^11.5.0",
        "@emotion/styled": "^11.3.0",
        "@types/react": "^17.0.0 || ^18.0.0",
        "react": "^17.0.0 || ^18.0.0"
      },
      "peerDependenciesMeta": {
        "@emotion/react": {
          "optional": true
        },
        "@emotion/styled": {
          "optional": true
        },
        "@types/react": {
          "optional": true
        }
      }
    },
    "node_modules/@mui/types": {
      "version": "7.1.3",
      "license": "MIT",
      "peer": true,
      "peerDependencies": {
        "@types/react": "*"
      },
      "peerDependenciesMeta": {
        "@types/react": {
          "optional": true
        }
      }
    },
    "node_modules/@mui/utils": {
      "version": "5.6.1",
      "license": "MIT",
      "peer": true,
      "dependencies": {
        "@babel/runtime": "^7.17.2",
        "@types/prop-types": "^15.7.4",
        "@types/react-is": "^16.7.1 || ^17.0.0",
        "prop-types": "^15.7.2",
        "react-is": "^17.0.2"
      },
      "engines": {
        "node": ">=12.0.0"
      },
      "funding": {
        "type": "opencollective",
        "url": "https://opencollective.com/mui"
      },
      "peerDependencies": {
        "react": "^17.0.0 || ^18.0.0"
      }
    },
    "node_modules/@popperjs/core": {
      "version": "2.11.5",
      "license": "MIT",
      "peer": true,
      "funding": {
        "type": "opencollective",
        "url": "https://opencollective.com/popperjs"
      }
    },
    "node_modules/@types/prop-types": {
      "version": "15.7.5",
      "license": "MIT",
      "peer": true
    },
    "node_modules/@types/react": {
      "version": "18.0.8",
      "license": "MIT",
      "peer": true,
      "dependencies": {
        "@types/prop-types": "*",
        "@types/scheduler": "*",
        "csstype": "^3.0.2"
      }
    },
    "node_modules/@types/react-is": {
      "version": "17.0.3",
      "license": "MIT",
      "peer": true,
      "dependencies": {
        "@types/react": "*"
      }
    },
    "node_modules/@types/react-transition-group": {
      "version": "4.4.4",
      "license": "MIT",
      "peer": true,
      "dependencies": {
        "@types/react": "*"
      }
    },
    "node_modules/@types/scheduler": {
      "version": "0.16.2",
      "license": "MIT",
      "peer": true
    },
    "node_modules/clsx": {
      "version": "1.1.1",
      "license": "MIT",
      "peer": true,
      "engines": {
        "node": ">=6"
      }
    },
    "node_modules/csstype": {
      "version": "3.0.11",
      "license": "MIT",
      "peer": true
    },
    "node_modules/dom-helpers": {
      "version": "5.2.1",
      "license": "MIT",
      "peer": true,
      "dependencies": {
        "@babel/runtime": "^7.8.7",
        "csstype": "^3.0.2"
      }
    },
    "node_modules/hoist-non-react-statics": {
      "version": "3.3.2",
      "license": "BSD-3-Clause",
      "peer": true,
      "dependencies": {
        "react-is": "^16.7.0"
      }
    },
    "node_modules/hoist-non-react-statics/node_modules/react-is": {
      "version": "16.13.1",
      "license": "MIT",
      "peer": true
    },
    "node_modules/js-tokens": {
      "version": "4.0.0",
      "license": "MIT",
      "peer": true
    },
    "node_modules/loose-envify": {
      "version": "1.4.0",
      "license": "MIT",
      "peer": true,
      "dependencies": {
        "js-tokens": "^3.0.0 || ^4.0.0"
      },
      "bin": {
        "loose-envify": "cli.js"
      }
    },
    "node_modules/object-assign": {
      "version": "4.1.1",
      "license": "MIT",
      "peer": true,
      "engines": {
        "node": ">=0.10.0"
      }
    },
    "node_modules/prop-types": {
      "version": "15.8.1",
      "license": "MIT",
      "peer": true,
      "dependencies": {
        "loose-envify": "^1.4.0",
        "object-assign": "^4.1.1",
        "react-is": "^16.13.1"
      }
    },
    "node_modules/prop-types/node_modules/react-is": {
      "version": "16.13.1",
      "license": "MIT",
      "peer": true
    },
    "node_modules/react": {
      "version": "18.1.0",
      "license": "MIT",
      "peer": true,
      "dependencies": {
        "loose-envify": "^1.1.0"
      },
      "engines": {
        "node": ">=0.10.0"
      }
    },
    "node_modules/react-dom": {
      "version": "18.1.0",
      "license": "MIT",
      "peer": true,
      "dependencies": {
        "loose-envify": "^1.1.0",
        "scheduler": "^0.22.0"
      },
      "peerDependencies": {
        "react": "^18.1.0"
      }
    },
    "node_modules/react-is": {
      "version": "17.0.2",
      "license": "MIT",
      "peer": true
    },
    "node_modules/react-transition-group": {
      "version": "4.4.2",
      "license": "BSD-3-Clause",
      "peer": true,
      "dependencies": {
        "@babel/runtime": "^7.5.5",
        "dom-helpers": "^5.0.1",
        "loose-envify": "^1.4.0",
        "prop-types": "^15.6.2"
      },
      "peerDependencies": {
        "react": ">=16.6.0",
        "react-dom": ">=16.6.0"
      }
    },
    "node_modules/regenerator-runtime": {
      "version": "0.13.9",
      "license": "MIT"
    },
    "node_modules/scheduler": {
      "version": "0.22.0",
      "license": "MIT",
      "peer": true,
      "dependencies": {
        "loose-envify": "^1.1.0"
      }
    },
    "node_modules/stylis": {
      "version": "4.0.13",
      "license": "MIT",
      "peer": true
    }
  },
  "dependencies": {
    "@babel/runtime": {
      "version": "7.17.9",
      "requires": {
        "regenerator-runtime": "^0.13.4"
      }
    },
    "@emotion/cache": {
      "version": "11.7.1",
      "peer": true,
      "requires": {
        "@emotion/memoize": "^0.7.4",
        "@emotion/sheet": "^1.1.0",
        "@emotion/utils": "^1.0.0",
        "@emotion/weak-memoize": "^0.2.5",
        "stylis": "4.0.13"
      }
    },
    "@emotion/is-prop-valid": {
      "version": "1.1.2",
      "peer": true,
      "requires": {
        "@emotion/memoize": "^0.7.4"
      }
    },
    "@emotion/memoize": {
      "version": "0.7.5",
      "peer": true
    },
    "@emotion/sheet": {
      "version": "1.1.0",
      "peer": true
    },
    "@emotion/utils": {
      "version": "1.1.0",
      "peer": true
    },
    "@emotion/weak-memoize": {
      "version": "0.2.5",
      "peer": true
    },
    "@mui/base": {
      "version": "5.0.0-alpha.78",
      "peer": true,
      "requires": {
        "@babel/runtime": "^7.17.2",
        "@emotion/is-prop-valid": "^1.1.2",
        "@mui/types": "^7.1.3",
        "@mui/utils": "^5.6.1",
        "@popperjs/core": "^2.11.5",
        "clsx": "^1.1.1",
        "prop-types": "^15.7.2",
        "react-is": "^17.0.2"
      }
    },
    "@mui/icons-material": {
      "version": "5.6.2",
      "resolved": "https://registry.npmjs.org/@mui/icons-material/-/icons-material-5.6.2.tgz",
      "integrity": "sha512-9QdI7axKuBAyaGz4mtdi7Uy1j73/thqFmEuxpJHxNC7O8ADEK1Da3t2veK2tgmsXsUlAHcAG63gg+GvWWeQNqQ==",
      "requires": {
        "@babel/runtime": "^7.17.2"
      }
    },
    "@mui/material": {
      "version": "5.6.3",
      "peer": true,
      "requires": {
        "@babel/runtime": "^7.17.2",
        "@mui/base": "5.0.0-alpha.78",
        "@mui/system": "^5.6.3",
        "@mui/types": "^7.1.3",
        "@mui/utils": "^5.6.1",
        "@types/react-transition-group": "^4.4.4",
        "clsx": "^1.1.1",
        "csstype": "^3.0.11",
        "hoist-non-react-statics": "^3.3.2",
        "prop-types": "^15.7.2",
        "react-is": "^17.0.2",
        "react-transition-group": "^4.4.2"
      }
    },
    "@mui/private-theming": {
      "version": "5.6.2",
      "peer": true,
      "requires": {
        "@babel/runtime": "^7.17.2",
        "@mui/utils": "^5.6.1",
        "prop-types": "^15.7.2"
      }
    },
    "@mui/styled-engine": {
      "version": "5.6.1",
      "peer": true,
      "requires": {
        "@babel/runtime": "^7.17.2",
        "@emotion/cache": "^11.7.1",
        "prop-types": "^15.7.2"
      }
    },
    "@mui/system": {
      "version": "5.6.3",
      "peer": true,
      "requires": {
        "@babel/runtime": "^7.17.2",
        "@mui/private-theming": "^5.6.2",
        "@mui/styled-engine": "^5.6.1",
        "@mui/types": "^7.1.3",
        "@mui/utils": "^5.6.1",
        "clsx": "^1.1.1",
        "csstype": "^3.0.11",
        "prop-types": "^15.7.2"
      }
    },
    "@mui/types": {
      "version": "7.1.3",
      "peer": true,
      "requires": {}
    },
    "@mui/utils": {
      "version": "5.6.1",
      "peer": true,
      "requires": {
        "@babel/runtime": "^7.17.2",
        "@types/prop-types": "^15.7.4",
        "@types/react-is": "^16.7.1 || ^17.0.0",
        "prop-types": "^15.7.2",
        "react-is": "^17.0.2"
      }
    },
    "@popperjs/core": {
      "version": "2.11.5",
      "peer": true
    },
    "@types/prop-types": {
      "version": "15.7.5",
      "peer": true
    },
    "@types/react": {
      "version": "18.0.8",
      "peer": true,
      "requires": {
        "@types/prop-types": "*",
        "@types/scheduler": "*",
        "csstype": "^3.0.2"
      }
    },
    "@types/react-is": {
      "version": "17.0.3",
      "peer": true,
      "requires": {
        "@types/react": "*"
      }
    },
    "@types/react-transition-group": {
      "version": "4.4.4",
      "peer": true,
      "requires": {
        "@types/react": "*"
      }
    },
    "@types/scheduler": {
      "version": "0.16.2",
      "peer": true
    },
    "clsx": {
      "version": "1.1.1",
      "peer": true
    },
    "csstype": {
      "version": "3.0.11",
      "peer": true
    },
    "dom-helpers": {
      "version": "5.2.1",
      "peer": true,
      "requires": {
        "@babel/runtime": "^7.8.7",
        "csstype": "^3.0.2"
      }
    },
    "hoist-non-react-statics": {
      "version": "3.3.2",
      "peer": true,
      "requires": {
        "react-is": "^16.7.0"
      },
      "dependencies": {
        "react-is": {
          "version": "16.13.1",
          "peer": true
        }
      }
    },
    "js-tokens": {
      "version": "4.0.0",
      "peer": true
    },
    "loose-envify": {
      "version": "1.4.0",
      "peer": true,
      "requires": {
        "js-tokens": "^3.0.0 || ^4.0.0"
      }
    },
    "object-assign": {
      "version": "4.1.1",
      "peer": true
    },
    "prop-types": {
      "version": "15.8.1",
      "peer": true,
      "requires": {
        "loose-envify": "^1.4.0",
        "object-assign": "^4.1.1",
        "react-is": "^16.13.1"
      },
      "dependencies": {
        "react-is": {
          "version": "16.13.1",
          "peer": true
        }
      }
    },
    "react": {
      "version": "18.1.0",
      "peer": true,
      "requires": {
        "loose-envify": "^1.1.0"
      }
    },
    "react-dom": {
      "version": "18.1.0",
      "peer": true,
      "requires": {
        "loose-envify": "^1.1.0",
        "scheduler": "^0.22.0"
      }
    },
    "react-is": {
      "version": "17.0.2",
      "peer": true
    },
    "react-transition-group": {
      "version": "4.4.2",
      "peer": true,
      "requires": {
        "@babel/runtime": "^7.5.5",
        "dom-helpers": "^5.0.1",
        "loose-envify": "^1.4.0",
        "prop-types": "^15.6.2"
      }
    },
    "regenerator-runtime": {
      "version": "0.13.9"
    },
    "scheduler": {
      "version": "0.22.0",
      "peer": true,
      "requires": {
        "loose-envify": "^1.1.0"
      }
    },
    "stylis": {
      "version": "4.0.13",
      "peer": true
    }
  }
}
